
Microsoft Visual Studio Solution File, Format Version 12.00
# Visual Studio Version 17
VisualStudioVersion = 17.4.33205.214
MinimumVisualStudioVersion = 10.0.40219.1
Project("{FAE04EC0-301F-11D3-BF4B-00C04F79EFBC}") = "RegexProblem", "RegexProblem\RegexProblem.csproj", "{6CE2DD3E-BDDD-47E6-9492-E12FCB4F3DB4}"
EndProject
Project("{FAE04EC0-301F-11D3-BF4B-00C04F79EFBC}") = "UserRegistrationTests", "UserRegistrationTests\UserRegistrationTests.csproj", "{373C45EB-B53C-4BE0-80A0-98F531720D96}"
EndProject
Global
	GlobalSection(SolutionConfigurationPlatforms) = preSolution
		Debug|Any CPU = Debug|Any CPU
		Release|Any CPU = Release|Any CPU
	EndGlobalSection
	GlobalSection(ProjectConfigurationPlatforms) = postSolution
		{6CE2DD3E-BDDD-47E6-9492-E12FCB4F3DB4}.Debug|Any CPU.ActiveCfg = Debug|Any CPU
		{6CE2DD3E-BDDD-47E6-9492-E12FCB4F3DB4}.Debug|Any CPU.Build.0 = Debug|Any CPU
		{6CE2DD3E-BDDD-47E6-9492-E12FCB4F3DB4}.Release|Any CPU.ActiveCfg = Release|Any CPU
		{6CE2DD3E-BDDD-47E6-9492-E12FCB4F3DB4}.Release|Any CPU.Build.0 = Release|Any CPU
		{373C45EB-B53C-4BE0-80A0-98F531720D96}.Debug|Any CPU.ActiveCfg = Debug|Any CPU
		{373C45EB-B53C-4BE0-80A0-98F531720D96}.Debug|Any CPU.Build.0 = Debug|Any CPU
		{373C45EB-B53C-4BE0-80A0-98F531720D96}.Release|Any CPU.ActiveCfg = Release|Any CPU
		{373C45EB-B53C-4BE0-80A0-98F531720D96}.Release|Any CPU.Build.0 = Release|Any CPU
	EndGlobalSection
	GlobalSection(SolutionProperties) = preSolution
		HideSolutionNode = FALSE
	EndGlobalSection
	GlobalSection(ExtensibilityGlobals) = postSolution
		SolutionGuid = {E4007698-4CF7-4B47-B8D3-B9F99BE27786}
	EndGlobalSection
EndGlobal
